{
    "_meta": {
        "hash": {
            "sha256": "39030cc62eb77e882bf63b375131b78903e19dbba369296a46397844b08d9bbd"
        },
        "pipfile-spec": 6,
        "requires": {
            "python_full_version": "3.11.9",
            "python_version": "3.11"
        },
        "sources": [
            {
                "name": "pypi",
                "url": "https://pypi.org/simple",
                "verify_ssl": true
            }
        ]
    },
    "default": {
        "pyqt5": {
            "hashes": [
                "sha256:6cd75628f6e732b1ffcfe709ab833a0716c0445d7aec8046a48d5843352becb6",
                "sha256:76be0322ceda5deecd1708a8d628e698089a1cea80d1a49d242a6d579a40babd",
                "sha256:bdde598a3bb95022131a5c9ea62e0a96bd6fb28932cc1619fd7ba211531b7517",
                "sha256:c8b03dd9380bb13c804f0bdb0f4956067f281785b5e12303d529f0462f9afdc2",
                "sha256:cd672a6738d1ae33ef7d9efa8e6cb0a1525ecf53ec86da80a9e1b6ec38c8d0f1",
                "sha256:fda45743ebb4a27b4b1a51c6d8ef455c4c1b5d610c90d2934c7802b5c1557c52"
            ],
            "index": "pypi",
            "markers": "python_version >= '3.8'",
            "version": "==5.15.11"
        },
        "pyqt5-qt5": {
            "hashes": [
                "sha256:1988f364ec8caf87a6ee5d5a3a5210d57539988bf8e84714c7d60972692e2f4a",
                "sha256:750b78e4dba6bdf1607febedc08738e318ea09e9b10aea9ff0d73073f11f6962",
                "sha256:76980cd3d7ae87e3c7a33bfebfaee84448fd650bad6840471d6cae199b56e154",
                "sha256:9cc7a768b1921f4b982ebc00a318ccb38578e44e45316c7a4a850e953e1dd327"
            ],
            "version": "==5.15.2"
        },
        "pyqt5-sip": {
            "hashes": [
                "sha256:06ea59741c1bffb198d99b00d26594791f45fb11b10f774c8105aea5962e3835",
                "sha256:0eab72bcb628f1926bf5b9ac51259d4fa18e8b2a81d199071135458f7d087ea8",
                "sha256:140cc582151456103ebb149fefc678f3cae803e7720733db51212af5219cd45c",
                "sha256:155cf755266c8bf64428916e2ff720d5efa1aec003d4ccc40c003b147dbdac03",
                "sha256:2710effb921bf6955b902779c763d890bb593da6325f0e128a0e3991cc855e9f",
                "sha256:2ddd214cf40119b86942a5da2da5a7345334955ab00026d8dcc56326b30e6d3c",
                "sha256:36dbef482bd638786b909f3bda65b7b3d5cbd6cbf16797496de38bae542da307",
                "sha256:5134d637efadd108a70306bab55b3d7feaa951bf6b8162161a67ae847bea9130",
                "sha256:6fdc457bd528e5909a5893db0a7dee0066d5f22e08234c9152db0ae6df9a367f",
                "sha256:71a67e2c9b77a74e943e220db0a341c702fd9bcf83c4a2e07342dfce691742ae",
                "sha256:90eed15f19557dfab22e68c7763e3690053cc8dd30d93ade2523d1b5a04a87be",
                "sha256:944a4bf1e1ee18ad03a54964c1c6433fb6de582313a1f0b17673e7203e22fc83",
                "sha256:99a2935fd662a67748625b1e6ffa0a2d1f2da068b9df6db04fa59a4a5d4ee613",
                "sha256:9dc1f1525d4d42c080f6cfdfc70d78239f8f67b0a48ea0745497251d8d848b1d",
                "sha256:9dfa7fe4ac93b60004430699c4bf56fef842a356d64dfea7cbc6d580d0427d6d",
                "sha256:9ebbd7769ccdaaa6295e9c872553b6cde17f38e171056f17300d8af9a14d1fc8",
                "sha256:aaa33232cc80793d14fdb3b149b27eec0855612ed66aad480add5ac49b9cee63",
                "sha256:b023da906a70af2cf5e6fc1932f441ede07530f3e164dd52c6c2bb5ab7c6f424",
                "sha256:b52e85520dbfe5c3d0c0c47aa2c10fc1853d892ae60ebebfe8154b052394da50",
                "sha256:b9ef23869d35c6740a95fcb1f387f4aea8d8fac80e19096fbaf1a64e18409c4b",
                "sha256:bd4f73b1ebd5e0bd8d4539a8e55132318efc70a92f648ef0f9d93329ad50adeb",
                "sha256:c362606de782d2d46374a38523632786f145c517ee62de246a6069e5f2c5f336",
                "sha256:c49918287e1ad77956d1589f1d3d432a0be7630c646ea02cf652413a48e14458",
                "sha256:d04e5551bbc3bcec98acc63b3b0618ddcbf31ff107349225b516fe7e7c0a7c8b",
                "sha256:d5e2e9e175559017cd161d661e0ee0b551684f824bb90800c5a8c8a3bea9355e"
            ],
            "markers": "python_version >= '3.9'",
            "version": "==12.17.1"
        },
        "pyserial": {
            "hashes": [
                "sha256:3c77e014170dfffbd816e6ffc205e9842efb10be9f58ec16d3e8675b4925cddb",
                "sha256:c4451db6ba391ca6ca299fb3ec7bae67a5c55dde170964c7a14ceefec02f2cf0"
            ],
            "index": "pypi",
            "version": "==3.5"
        }
    },
    "develop": {}
}
